
Microsoft Visual Studio Solution File, Format Version 12.00
# Visual Studio Version 16
VisualStudioVersion = 16.0.28803.352
MinimumVisualStudioVersion = 10.0.40219.1
Project("{FAE04EC0-301F-11D3-BF4B-00C04F79EFBC}") = "BertoniAlbumSearcher", "BertoniAlbumSearcher\BertoniAlbumSearcher.csproj", "{AC4DC003-1742-45F6-BBB5-5F5224BCD270}"
EndProject
Global
	GlobalSection(SolutionConfigurationPlatforms) = preSolution
		Debug|Any CPU = Debug|Any CPU
		Release|Any CPU = Release|Any CPU
	EndGlobalSection
	GlobalSection(ProjectConfigurationPlatforms) = postSolution
		{AC4DC003-1742-45F6-BBB5-5F5224BCD270}.Debug|Any CPU.ActiveCfg = Debug|Any CPU
		{AC4DC003-1742-45F6-BBB5-5F5224BCD270}.Debug|Any CPU.Build.0 = Debug|Any CPU
		{AC4DC003-1742-45F6-BBB5-5F5224BCD270}.Release|Any CPU.ActiveCfg = Release|Any CPU
		{AC4DC003-1742-45F6-BBB5-5F5224BCD270}.Release|Any CPU.Build.0 = Release|Any CPU
	EndGlobalSection
	GlobalSection(SolutionProperties) = preSolution
		HideSolutionNode = FALSE
	EndGlobalSection
	GlobalSection(ExtensibilityGlobals) = postSolution
		SolutionGuid = {D3A5136C-8717-4E34-925A-69C313E6CC80}
	EndGlobalSection
EndGlobal
